
Microsoft Visual Studio Solution File, Format Version 12.00
# Visual Studio Version 17
VisualStudioVersion = 17.0.32112.339
MinimumVisualStudioVersion = 10.0.40219.1
Project("{FAE04EC0-301F-11D3-BF4B-00C04F79EFBC}") = "Activity2", "Activity2\Activity2.csproj", "{BCFC005D-853F-4DF8-8230-AA6E63B4F2E6}"
EndProject
Global
	GlobalSection(SolutionConfigurationPlatforms) = preSolution
		Debug|Any CPU = Debug|Any CPU
		Release|Any CPU = Release|Any CPU
	EndGlobalSection
	GlobalSection(ProjectConfigurationPlatforms) = postSolution
		{BCFC005D-853F-4DF8-8230-AA6E63B4F2E6}.Debug|Any CPU.ActiveCfg = Debug|Any CPU
		{BCFC005D-853F-4DF8-8230-AA6E63B4F2E6}.Debug|Any CPU.Build.0 = Debug|Any CPU
		{BCFC005D-853F-4DF8-8230-AA6E63B4F2E6}.Release|Any CPU.ActiveCfg = Release|Any CPU
		{BCFC005D-853F-4DF8-8230-AA6E63B4F2E6}.Release|Any CPU.Build.0 = Release|Any CPU
	EndGlobalSection
	GlobalSection(SolutionProperties) = preSolution
		HideSolutionNode = FALSE
	EndGlobalSection
	GlobalSection(ExtensibilityGlobals) = postSolution
		SolutionGuid = {C1D34B20-A636-489F-A70C-8E213AE2D04B}
	EndGlobalSection
EndGlobal
